
Microsoft Visual Studio Solution File, Format Version 12.00
# Visual Studio Version 17
VisualStudioVersion = 17.2.32616.157
MinimumVisualStudioVersion = 10.0.40219.1
Project("{FAE04EC0-301F-11D3-BF4B-00C04F79EFBC}") = "ManagerLibrary", "TrackerLibrary\ManagerLibrary.csproj", "{7D3B2328-E08F-49B9-BC97-FA53D96930BC}"
EndProject
Project("{FAE04EC0-301F-11D3-BF4B-00C04F79EFBC}") = "ManagerUI", "TrackerUI\ManagerUI.csproj", "{4C281949-2F8D-44F0-9C65-16EAD501A2AF}"
EndProject
Global
	GlobalSection(SolutionConfigurationPlatforms) = preSolution
		Debug|Any CPU = Debug|Any CPU
		Release|Any CPU = Release|Any CPU
	EndGlobalSection
	GlobalSection(ProjectConfigurationPlatforms) = postSolution
		{7D3B2328-E08F-49B9-BC97-FA53D96930BC}.Debug|Any CPU.ActiveCfg = Debug|Any CPU
		{7D3B2328-E08F-49B9-BC97-FA53D96930BC}.Debug|Any CPU.Build.0 = Debug|Any CPU
		{7D3B2328-E08F-49B9-BC97-FA53D96930BC}.Release|Any CPU.ActiveCfg = Release|Any CPU
		{7D3B2328-E08F-49B9-BC97-FA53D96930BC}.Release|Any CPU.Build.0 = Release|Any CPU
		{4C281949-2F8D-44F0-9C65-16EAD501A2AF}.Debug|Any CPU.ActiveCfg = Debug|Any CPU
		{4C281949-2F8D-44F0-9C65-16EAD501A2AF}.Debug|Any CPU.Build.0 = Debug|Any CPU
		{4C281949-2F8D-44F0-9C65-16EAD501A2AF}.Release|Any CPU.ActiveCfg = Release|Any CPU
		{4C281949-2F8D-44F0-9C65-16EAD501A2AF}.Release|Any CPU.Build.0 = Release|Any CPU
	EndGlobalSection
	GlobalSection(SolutionProperties) = preSolution
		HideSolutionNode = FALSE
	EndGlobalSection
	GlobalSection(ExtensibilityGlobals) = postSolution
		SolutionGuid = {85992D06-F33C-4DF6-826E-BD840173D71B}
	EndGlobalSection
EndGlobal
